
Microsoft Visual Studio Solution File, Format Version 12.00
# Visual Studio Version 17
VisualStudioVersion = 17.3.32929.385
MinimumVisualStudioVersion = 10.0.40219.1
Project("{9A19103F-16F7-4668-BE54-9A1E7A4F7556}") = "Linqe", "Linqe.csproj", "{53EA370A-2A47-46D9-ABA9-BFCBA20D048C}"
EndProject
Global
	GlobalSection(SolutionConfigurationPlatforms) = preSolution
		Debug|Any CPU = Debug|Any CPU
		Release|Any CPU = Release|Any CPU
	EndGlobalSection
	GlobalSection(ProjectConfigurationPlatforms) = postSolution
		{53EA370A-2A47-46D9-ABA9-BFCBA20D048C}.Debug|Any CPU.ActiveCfg = Debug|Any CPU
		{53EA370A-2A47-46D9-ABA9-BFCBA20D048C}.Debug|Any CPU.Build.0 = Debug|Any CPU
		{53EA370A-2A47-46D9-ABA9-BFCBA20D048C}.Release|Any CPU.ActiveCfg = Release|Any CPU
		{53EA370A-2A47-46D9-ABA9-BFCBA20D048C}.Release|Any CPU.Build.0 = Release|Any CPU
	EndGlobalSection
	GlobalSection(SolutionProperties) = preSolution
		HideSolutionNode = FALSE
	EndGlobalSection
	GlobalSection(ExtensibilityGlobals) = postSolution
		SolutionGuid = {C0706D59-D7AC-483E-B2D3-B697619F66D5}
	EndGlobalSection
EndGlobal
